
Microsoft Visual Studio Solution File, Format Version 12.00
# Visual Studio 15
VisualStudioVersion = 15.0.28010.2036
MinimumVisualStudioVersion = 10.0.40219.1
Project("{FAE04EC0-301F-11D3-BF4B-00C04F79EFBC}") = "App5", "App5\App5.csproj", "{804BFE96-92BD-4B30-9A02-5DC73560C458}"
EndProject
Global
	GlobalSection(SolutionConfigurationPlatforms) = preSolution
		Debug|ARM = Debug|ARM
		Debug|x64 = Debug|x64
		Debug|x86 = Debug|x86
		Release|ARM = Release|ARM
		Release|x64 = Release|x64
		Release|x86 = Release|x86
	EndGlobalSection
	GlobalSection(ProjectConfigurationPlatforms) = postSolution
		{804BFE96-92BD-4B30-9A02-5DC73560C458}.Debug|ARM.ActiveCfg = Debug|ARM
		{804BFE96-92BD-4B30-9A02-5DC73560C458}.Debug|ARM.Build.0 = Debug|ARM
		{804BFE96-92BD-4B30-9A02-5DC73560C458}.Debug|ARM.Deploy.0 = Debug|ARM
		{804BFE96-92BD-4B30-9A02-5DC73560C458}.Debug|x64.ActiveCfg = Debug|x64
		{804BFE96-92BD-4B30-9A02-5DC73560C458}.Debug|x64.Build.0 = Debug|x64
		{804BFE96-92BD-4B30-9A02-5DC73560C458}.Debug|x64.Deploy.0 = Debug|x64
		{804BFE96-92BD-4B30-9A02-5DC73560C458}.Debug|x86.ActiveCfg = Debug|x86
		{804BFE96-92BD-4B30-9A02-5DC73560C458}.Debug|x86.Build.0 = Debug|x86
		{804BFE96-92BD-4B30-9A02-5DC73560C458}.Debug|x86.Deploy.0 = Debug|x86
		{804BFE96-92BD-4B30-9A02-5DC73560C458}.Release|ARM.ActiveCfg = Release|ARM
		{804BFE96-92BD-4B30-9A02-5DC73560C458}.Release|ARM.Build.0 = Release|ARM
		{804BFE96-92BD-4B30-9A02-5DC73560C458}.Release|ARM.Deploy.0 = Release|ARM
		{804BFE96-92BD-4B30-9A02-5DC73560C458}.Release|x64.ActiveCfg = Release|x64
		{804BFE96-92BD-4B30-9A02-5DC73560C458}.Release|x64.Build.0 = Release|x64
		{804BFE96-92BD-4B30-9A02-5DC73560C458}.Release|x64.Deploy.0 = Release|x64
		{804BFE96-92BD-4B30-9A02-5DC73560C458}.Release|x86.ActiveCfg = Release|x86
		{804BFE96-92BD-4B30-9A02-5DC73560C458}.Release|x86.Build.0 = Release|x86
		{804BFE96-92BD-4B30-9A02-5DC73560C458}.Release|x86.Deploy.0 = Release|x86
	EndGlobalSection
	GlobalSection(SolutionProperties) = preSolution
		HideSolutionNode = FALSE
	EndGlobalSection
	GlobalSection(ExtensibilityGlobals) = postSolution
		SolutionGuid = {CBE3CB6A-5A29-4AA2-A4BC-A2AA39D043FD}
	EndGlobalSection
EndGlobal
